
Microsoft Visual Studio Solution File, Format Version 12.00
# Visual Studio 15
VisualStudioVersion = 15.0.27703.2035
MinimumVisualStudioVersion = 10.0.40219.1
Project("{FAE04EC0-301F-11D3-BF4B-00C04F79EFBC}") = "CinemaApp", "CinemaApp\CinemaApp.csproj", "{18B1CEED-6BCC-4DF6-9E14-211F09217FEA}"
EndProject
Global
	GlobalSection(SolutionConfigurationPlatforms) = preSolution
		Debug|Any CPU = Debug|Any CPU
		Release|Any CPU = Release|Any CPU
	EndGlobalSection
	GlobalSection(ProjectConfigurationPlatforms) = postSolution
		{18B1CEED-6BCC-4DF6-9E14-211F09217FEA}.Debug|Any CPU.ActiveCfg = Debug|Any CPU
		{18B1CEED-6BCC-4DF6-9E14-211F09217FEA}.Debug|Any CPU.Build.0 = Debug|Any CPU
		{18B1CEED-6BCC-4DF6-9E14-211F09217FEA}.Release|Any CPU.ActiveCfg = Release|Any CPU
		{18B1CEED-6BCC-4DF6-9E14-211F09217FEA}.Release|Any CPU.Build.0 = Release|Any CPU
	EndGlobalSection
	GlobalSection(SolutionProperties) = preSolution
		HideSolutionNode = FALSE
	EndGlobalSection
	GlobalSection(ExtensibilityGlobals) = postSolution
		SolutionGuid = {89D52F7A-67CF-4C2F-B34F-17635BFFE285}
	EndGlobalSection
EndGlobal
